
Microsoft Visual Studio Solution File, Format Version 12.00
# Visual Studio Version 17
VisualStudioVersion = 17.2.32516.85
MinimumVisualStudioVersion = 10.0.40219.1
Project("{FAE04EC0-301F-11D3-BF4B-00C04F79EFBC}") = "Server", "Sockets\Server.csproj", "{726E7C13-5677-4EBC-A6A3-32AE7DE2F1DA}"
EndProject
Project("{FAE04EC0-301F-11D3-BF4B-00C04F79EFBC}") = "Client", "ClientTCP\Client.csproj", "{E7A107A1-66AB-4B36-A648-7A9163258453}"
EndProject
Global
	GlobalSection(SolutionConfigurationPlatforms) = preSolution
		Debug|Any CPU = Debug|Any CPU
		Release|Any CPU = Release|Any CPU
	EndGlobalSection
	GlobalSection(ProjectConfigurationPlatforms) = postSolution
		{726E7C13-5677-4EBC-A6A3-32AE7DE2F1DA}.Debug|Any CPU.ActiveCfg = Debug|Any CPU
		{726E7C13-5677-4EBC-A6A3-32AE7DE2F1DA}.Debug|Any CPU.Build.0 = Debug|Any CPU
		{726E7C13-5677-4EBC-A6A3-32AE7DE2F1DA}.Release|Any CPU.ActiveCfg = Release|Any CPU
		{726E7C13-5677-4EBC-A6A3-32AE7DE2F1DA}.Release|Any CPU.Build.0 = Release|Any CPU
		{E7A107A1-66AB-4B36-A648-7A9163258453}.Debug|Any CPU.ActiveCfg = Debug|Any CPU
		{E7A107A1-66AB-4B36-A648-7A9163258453}.Debug|Any CPU.Build.0 = Debug|Any CPU
		{E7A107A1-66AB-4B36-A648-7A9163258453}.Release|Any CPU.ActiveCfg = Release|Any CPU
		{E7A107A1-66AB-4B36-A648-7A9163258453}.Release|Any CPU.Build.0 = Release|Any CPU
	EndGlobalSection
	GlobalSection(SolutionProperties) = preSolution
		HideSolutionNode = FALSE
	EndGlobalSection
	GlobalSection(ExtensibilityGlobals) = postSolution
		SolutionGuid = {70782DD0-48C0-40F5-B854-FB247F6A3D41}
	EndGlobalSection
EndGlobal
